
Microsoft Visual Studio Solution File, Format Version 12.00
# Visual Studio 15
VisualStudioVersion = 15.0.26127.0
MinimumVisualStudioVersion = 10.0.40219.1
Project("{FAE04EC0-301F-11D3-BF4B-00C04F79EFBC}") = "LinkStash.Core", "src\LinkStash.Core\LinkStash.Core.csproj", "{A4CFC5BF-4716-4BFD-99D6-FBBB9630B8D8}"
EndProject
Project("{9A19103F-16F7-4668-BE54-9A1E7A4F7556}") = "LinkStash.Web", "src\LinkStash.Web\LinkStash.Web.csproj", "{22B5C88D-BF31-4533-ADA8-58DFF7953C8F}"
EndProject
Global
	GlobalSection(SolutionConfigurationPlatforms) = preSolution
		Debug|Any CPU = Debug|Any CPU
		Debug|x64 = Debug|x64
		Debug|x86 = Debug|x86
		Release|Any CPU = Release|Any CPU
		Release|x64 = Release|x64
		Release|x86 = Release|x86
	EndGlobalSection
	GlobalSection(ProjectConfigurationPlatforms) = postSolution
		{A4CFC5BF-4716-4BFD-99D6-FBBB9630B8D8}.Debug|Any CPU.ActiveCfg = Debug|Any CPU
		{A4CFC5BF-4716-4BFD-99D6-FBBB9630B8D8}.Debug|Any CPU.Build.0 = Debug|Any CPU
		{A4CFC5BF-4716-4BFD-99D6-FBBB9630B8D8}.Debug|x64.ActiveCfg = Debug|x64
		{A4CFC5BF-4716-4BFD-99D6-FBBB9630B8D8}.Debug|x64.Build.0 = Debug|x64
		{A4CFC5BF-4716-4BFD-99D6-FBBB9630B8D8}.Debug|x86.ActiveCfg = Debug|x86
		{A4CFC5BF-4716-4BFD-99D6-FBBB9630B8D8}.Debug|x86.Build.0 = Debug|x86
		{A4CFC5BF-4716-4BFD-99D6-FBBB9630B8D8}.Release|Any CPU.ActiveCfg = Release|Any CPU
		{A4CFC5BF-4716-4BFD-99D6-FBBB9630B8D8}.Release|Any CPU.Build.0 = Release|Any CPU
		{A4CFC5BF-4716-4BFD-99D6-FBBB9630B8D8}.Release|x64.ActiveCfg = Release|x64
		{A4CFC5BF-4716-4BFD-99D6-FBBB9630B8D8}.Release|x64.Build.0 = Release|x64
		{A4CFC5BF-4716-4BFD-99D6-FBBB9630B8D8}.Release|x86.ActiveCfg = Release|x86
		{A4CFC5BF-4716-4BFD-99D6-FBBB9630B8D8}.Release|x86.Build.0 = Release|x86
		{22B5C88D-BF31-4533-ADA8-58DFF7953C8F}.Debug|Any CPU.ActiveCfg = Debug|Any CPU
		{22B5C88D-BF31-4533-ADA8-58DFF7953C8F}.Debug|Any CPU.Build.0 = Debug|Any CPU
		{22B5C88D-BF31-4533-ADA8-58DFF7953C8F}.Debug|x64.ActiveCfg = Debug|x64
		{22B5C88D-BF31-4533-ADA8-58DFF7953C8F}.Debug|x64.Build.0 = Debug|x64
		{22B5C88D-BF31-4533-ADA8-58DFF7953C8F}.Debug|x86.ActiveCfg = Debug|x86
		{22B5C88D-BF31-4533-ADA8-58DFF7953C8F}.Debug|x86.Build.0 = Debug|x86
		{22B5C88D-BF31-4533-ADA8-58DFF7953C8F}.Release|Any CPU.ActiveCfg = Release|Any CPU
		{22B5C88D-BF31-4533-ADA8-58DFF7953C8F}.Release|Any CPU.Build.0 = Release|Any CPU
		{22B5C88D-BF31-4533-ADA8-58DFF7953C8F}.Release|x64.ActiveCfg = Release|x64
		{22B5C88D-BF31-4533-ADA8-58DFF7953C8F}.Release|x64.Build.0 = Release|x64
		{22B5C88D-BF31-4533-ADA8-58DFF7953C8F}.Release|x86.ActiveCfg = Release|x86
		{22B5C88D-BF31-4533-ADA8-58DFF7953C8F}.Release|x86.Build.0 = Release|x86
	EndGlobalSection
	GlobalSection(SolutionProperties) = preSolution
		HideSolutionNode = FALSE
	EndGlobalSection
EndGlobal
